
Microsoft Visual Studio Solution File, Format Version 12.00
# Visual Studio 15
VisualStudioVersion = 15.0.26403.3
MinimumVisualStudioVersion = 10.0.40219.1
Project("{FAE04EC0-301F-11D3-BF4B-00C04F79EFBC}") = "Yuki.Model", "Yuki.Model\Yuki.Model.csproj", "{6517F957-CA71-4661-ACD2-46E1C86EB833}"
EndProject
Project("{FAE04EC0-301F-11D3-BF4B-00C04F79EFBC}") = "Yuki.Api", "Yuki.Api\Yuki.Api.csproj", "{FCEB7665-2982-4BDD-A455-8A6C15E114C2}"
EndProject
Project("{FAE04EC0-301F-11D3-BF4B-00C04F79EFBC}") = "Yuki.Cmd", "Yuki.Cmd\Yuki.Cmd.csproj", "{01CBC55F-1FCC-47DC-B818-E605416706A0}"
EndProject
Project("{2150E333-8FDC-42A3-9474-1A3956D46DE8}") = "Solution Items", "Solution Items", "{A8732C07-0F89-45C3-9A3C-E0154C3988A9}"
	ProjectSection(SolutionItems) = preProject
		README.md = README.md
	EndProjectSection
EndProject
Project("{FAE04EC0-301F-11D3-BF4B-00C04F79EFBC}") = "Yuki.IdentityServer", "Yuki.IdentityServer\Yuki.IdentityServer.csproj", "{9FE99AD6-3018-444C-AAD9-2306D3226E95}"
EndProject
Global
	GlobalSection(SolutionConfigurationPlatforms) = preSolution
		Debug|Any CPU = Debug|Any CPU
		Release|Any CPU = Release|Any CPU
	EndGlobalSection
	GlobalSection(ProjectConfigurationPlatforms) = postSolution
		{6517F957-CA71-4661-ACD2-46E1C86EB833}.Debug|Any CPU.ActiveCfg = Debug|Any CPU
		{6517F957-CA71-4661-ACD2-46E1C86EB833}.Debug|Any CPU.Build.0 = Debug|Any CPU
		{6517F957-CA71-4661-ACD2-46E1C86EB833}.Release|Any CPU.ActiveCfg = Release|Any CPU
		{6517F957-CA71-4661-ACD2-46E1C86EB833}.Release|Any CPU.Build.0 = Release|Any CPU
		{FCEB7665-2982-4BDD-A455-8A6C15E114C2}.Debug|Any CPU.ActiveCfg = Debug|Any CPU
		{FCEB7665-2982-4BDD-A455-8A6C15E114C2}.Debug|Any CPU.Build.0 = Debug|Any CPU
		{FCEB7665-2982-4BDD-A455-8A6C15E114C2}.Release|Any CPU.ActiveCfg = Release|Any CPU
		{FCEB7665-2982-4BDD-A455-8A6C15E114C2}.Release|Any CPU.Build.0 = Release|Any CPU
		{01CBC55F-1FCC-47DC-B818-E605416706A0}.Debug|Any CPU.ActiveCfg = Debug|Any CPU
		{01CBC55F-1FCC-47DC-B818-E605416706A0}.Debug|Any CPU.Build.0 = Debug|Any CPU
		{01CBC55F-1FCC-47DC-B818-E605416706A0}.Release|Any CPU.ActiveCfg = Release|Any CPU
		{01CBC55F-1FCC-47DC-B818-E605416706A0}.Release|Any CPU.Build.0 = Release|Any CPU
		{9FE99AD6-3018-444C-AAD9-2306D3226E95}.Debug|Any CPU.ActiveCfg = Debug|Any CPU
		{9FE99AD6-3018-444C-AAD9-2306D3226E95}.Debug|Any CPU.Build.0 = Debug|Any CPU
		{9FE99AD6-3018-444C-AAD9-2306D3226E95}.Release|Any CPU.ActiveCfg = Release|Any CPU
		{9FE99AD6-3018-444C-AAD9-2306D3226E95}.Release|Any CPU.Build.0 = Release|Any CPU
	EndGlobalSection
	GlobalSection(SolutionProperties) = preSolution
		HideSolutionNode = FALSE
	EndGlobalSection
EndGlobal
